
Microsoft Visual Studio Solution File, Format Version 12.00
# Visual Studio Version 17
VisualStudioVersion = 17.3.32819.101
MinimumVisualStudioVersion = 10.0.40219.1
Project("{FAE04EC0-301F-11D3-BF4B-00C04F79EFBC}") = "Microsoft Defender for Identity API Fiddler", "Microsoft Defender for Identity API Fiddler\Microsoft Defender for Identity API Fiddler.csproj", "{8558C8EB-F976-4577-A363-A63981F6EED7}"
EndProject
Global
	GlobalSection(SolutionConfigurationPlatforms) = preSolution
		Debug|Any CPU = Debug|Any CPU
		Release|Any CPU = Release|Any CPU
	EndGlobalSection
	GlobalSection(ProjectConfigurationPlatforms) = postSolution
		{8558C8EB-F976-4577-A363-A63981F6EED7}.Debug|Any CPU.ActiveCfg = Debug|Any CPU
		{8558C8EB-F976-4577-A363-A63981F6EED7}.Debug|Any CPU.Build.0 = Debug|Any CPU
		{8558C8EB-F976-4577-A363-A63981F6EED7}.Release|Any CPU.ActiveCfg = Release|Any CPU
		{8558C8EB-F976-4577-A363-A63981F6EED7}.Release|Any CPU.Build.0 = Release|Any CPU
	EndGlobalSection
	GlobalSection(SolutionProperties) = preSolution
		HideSolutionNode = FALSE
	EndGlobalSection
	GlobalSection(ExtensibilityGlobals) = postSolution
		SolutionGuid = {E58CC0C5-851A-4E05-9144-A4243690F15A}
	EndGlobalSection
EndGlobal
